// !$*UTF8*$!
{
	archiveVersion = 1;
	classes = {
	};
	objectVersion = 50;
	objects = {

/* Begin PBXBuildFile section */
		22115A8620D2BB17002F5CB9 /* Cafe.swift in Sources */ = {isa = PBXBuildFile; fileRef = 22115A8520D2BB17002F5CB9 /* Cafe.swift */; };
		22115A8B20D2BB5A002F5CB9 /* SearchResultTableViewController.swift in Sources */ = {isa = PBXBuildFile; fileRef = 22115A8A20D2BB5A002F5CB9 /* SearchResultTableViewController.swift */; };
		22115A8E20D2BEB8002F5CB9 /* CafeTableViewController.swift in Sources */ = {isa = PBXBuildFile; fileRef = 22115A8D20D2BEB8002F5CB9 /* CafeTableViewController.swift */; };
		2260B63B20E9403500B1DFA8 /* SubmitReviewTableViewController.swift in Sources */ = {isa = PBXBuildFile; fileRef = 2260B63A20E9403500B1DFA8 /* SubmitReviewTableViewController.swift */; };
		22A5FBB820EBC07D0020E502 /* URLExtension.swift in Sources */ = {isa = PBXBuildFile; fileRef = 22A5FBB720EBC07D0020E502 /* URLExtension.swift */; };
		22CFD6A520E645B9002646A8 /* BloggerReview.swift in Sources */ = {isa = PBXBuildFile; fileRef = 22CFD6A420E645B9002646A8 /* BloggerReview.swift */; };
		22D1BD8620E92D3E00A9EA7B /* HopperReviewTableViewController.swift in Sources */ = {isa = PBXBuildFile; fileRef = 22D1BD8520E92D3E00A9EA7B /* HopperReviewTableViewController.swift */; };
		22D1BD8820E92EFC00A9EA7B /* HopperReviewTableViewCell.swift in Sources */ = {isa = PBXBuildFile; fileRef = 22D1BD8720E92EFC00A9EA7B /* HopperReviewTableViewCell.swift */; };
		22E53E0E20E653C8005CD8CC /* LoginViewController.swift in Sources */ = {isa = PBXBuildFile; fileRef = 22E53E0D20E653C8005CD8CC /* LoginViewController.swift */; };
		22E5AC7220D5306E002DF7C6 /* SearchResultTableViewCell.swift in Sources */ = {isa = PBXBuildFile; fileRef = 22E5AC7120D5306E002DF7C6 /* SearchResultTableViewCell.swift */; };
		22F2D32F20ECC36F0097753B /* HopperReview.swift in Sources */ = {isa = PBXBuildFile; fileRef = 22F2D32E20ECC36F0097753B /* HopperReview.swift */; };
		284B012020F0B71C00FEA89B /* BloggerReviewTableViewController.swift in Sources */ = {isa = PBXBuildFile; fileRef = 284B011F20F0B71C00FEA89B /* BloggerReviewTableViewController.swift */; };
		284B012220F0B88E00FEA89B /* BloggerReviewTableViewCell.swift in Sources */ = {isa = PBXBuildFile; fileRef = 284B012120F0B88E00FEA89B /* BloggerReviewTableViewCell.swift */; };
		28CA2C0320D2A562002781FF /* AppDelegate.swift in Sources */ = {isa = PBXBuildFile; fileRef = 28CA2C0220D2A562002781FF /* AppDelegate.swift */; };
		28CA2C0520D2A562002781FF /* InitialViewController.swift in Sources */ = {isa = PBXBuildFile; fileRef = 28CA2C0420D2A562002781FF /* InitialViewController.swift */; };
		28CA2C0820D2A562002781FF /* Main.storyboard in Resources */ = {isa = PBXBuildFile; fileRef = 28CA2C0620D2A562002781FF /* Main.storyboard */; };
		28CA2C0A20D2A563002781FF /* Assets.xcassets in Resources */ = {isa = PBXBuildFile; fileRef = 28CA2C0920D2A563002781FF /* Assets.xcassets */; };
		28CA2C0D20D2A563002781FF /* LaunchScreen.storyboard in Resources */ = {isa = PBXBuildFile; fileRef = 28CA2C0B20D2A563002781FF /* LaunchScreen.storyboard */; };
		28D9657D20D7BE9D00158318 /* MapAnnotation.swift in Sources */ = {isa = PBXBuildFile; fileRef = 28D9657C20D7BE9D00158318 /* MapAnnotation.swift */; };
		89DF7EFC20D6C08E00BDEAF9 /* SwiftyJSON.swift in Sources */ = {isa = PBXBuildFile; fileRef = 89DF7EFB20D6C08E00BDEAF9 /* SwiftyJSON.swift */; };
/* End PBXBuildFile section */

/* Begin PBXFileReference section */
		22115A8520D2BB17002F5CB9 /* Cafe.swift */ = {isa = PBXFileReference; lastKnownFileType = sourcecode.swift; path = Cafe.swift; sourceTree = "<group>"; };
		22115A8A20D2BB5A002F5CB9 /* SearchResultTableViewController.swift */ = {isa = PBXFileReference; lastKnownFileType = sourcecode.swift; path = SearchResultTableViewController.swift; sourceTree = "<group>"; };
		22115A8D20D2BEB8002F5CB9 /* CafeTableViewController.swift */ = {isa = PBXFileReference; lastKnownFileType = sourcecode.swift; path = CafeTableViewController.swift; sourceTree = "<group>"; };
		2260B63A20E9403500B1DFA8 /* SubmitReviewTableViewController.swift */ = {isa = PBXFileReference; lastKnownFileType = sourcecode.swift; path = SubmitReviewTableViewController.swift; sourceTree = "<group>"; };
		22A5FBB720EBC07D0020E502 /* URLExtension.swift */ = {isa = PBXFileReference; lastKnownFileType = sourcecode.swift; path = URLExtension.swift; sourceTree = "<group>"; };
		22CFD6A420E645B9002646A8 /* BloggerReview.swift */ = {isa = PBXFileReference; lastKnownFileType = sourcecode.swift; path = BloggerReview.swift; sourceTree = "<group>"; };
		22D1BD8520E92D3E00A9EA7B /* HopperReviewTableViewController.swift */ = {isa = PBXFileReference; lastKnownFileType = sourcecode.swift; path = HopperReviewTableViewController.swift; sourceTree = "<group>"; };
		22D1BD8720E92EFC00A9EA7B /* HopperReviewTableViewCell.swift */ = {isa = PBXFileReference; lastKnownFileType = sourcecode.swift; path = HopperReviewTableViewCell.swift; sourceTree = "<group>"; };
		22E53E0D20E653C8005CD8CC /* LoginViewController.swift */ = {isa = PBXFileReference; lastKnownFileType = sourcecode.swift; path = LoginViewController.swift; sourceTree = "<group>"; };
		22E5AC7120D5306E002DF7C6 /* SearchResultTableViewCell.swift */ = {isa = PBXFileReference; lastKnownFileType = sourcecode.swift; path = SearchResultTableViewCell.swift; sourceTree = "<group>"; };
		22F2D32E20ECC36F0097753B /* HopperReview.swift */ = {isa = PBXFileReference; lastKnownFileType = sourcecode.swift; path = HopperReview.swift; sourceTree = "<group>"; };
		284B011F20F0B71C00FEA89B /* BloggerReviewTableViewController.swift */ = {isa = PBXFileReference; lastKnownFileType = sourcecode.swift; path = BloggerReviewTableViewController.swift; sourceTree = "<group>"; };
		284B012120F0B88E00FEA89B /* BloggerReviewTableViewCell.swift */ = {isa = PBXFileReference; lastKnownFileType = sourcecode.swift; path = BloggerReviewTableViewCell.swift; sourceTree = "<group>"; };
		28CA2BFF20D2A562002781FF /* Hop.app */ = {isa = PBXFileReference; explicitFileType = wrapper.application; includeInIndex = 0; path = Hop.app; sourceTree = BUILT_PRODUCTS_DIR; };
		28CA2C0220D2A562002781FF /* AppDelegate.swift */ = {isa = PBXFileReference; lastKnownFileType = sourcecode.swift; path = AppDelegate.swift; sourceTree = "<group>"; };
		28CA2C0420D2A562002781FF /* InitialViewController.swift */ = {isa = PBXFileReference; lastKnownFileType = sourcecode.swift; path = InitialViewController.swift; sourceTree = "<group>"; };
		28CA2C0720D2A562002781FF /* Base */ = {isa = PBXFileReference; lastKnownFileType = file.storyboard; name = Base; path = Base.lproj/Main.storyboard; sourceTree = "<group>"; };
		28CA2C0920D2A563002781FF /* Assets.xcassets */ = {isa = PBXFileReference; lastKnownFileType = folder.assetcatalog; path = Assets.xcassets; sourceTree = "<group>"; };
		28CA2C0C20D2A563002781FF /* Base */ = {isa = PBXFileReference; lastKnownFileType = file.storyboard; name = Base; path = Base.lproj/LaunchScreen.storyboard; sourceTree = "<group>"; };
		28CA2C0E20D2A563002781FF /* Info.plist */ = {isa = PBXFileReference; lastKnownFileType = text.plist.xml; path = Info.plist; sourceTree = "<group>"; };
		28D9657C20D7BE9D00158318 /* MapAnnotation.swift */ = {isa = PBXFileReference; lastKnownFileType = sourcecode.swift; path = MapAnnotation.swift; sourceTree = "<group>"; };
		89DF7EFB20D6C08E00BDEAF9 /* SwiftyJSON.swift */ = {isa = PBXFileReference; fileEncoding = 4; lastKnownFileType = sourcecode.swift; path = SwiftyJSON.swift; sourceTree = "<group>"; };
/* End PBXFileReference section */

/* Begin PBXFrameworksBuildPhase section */
		28CA2BFC20D2A562002781FF /* Frameworks */ = {
			isa = PBXFrameworksBuildPhase;
			buildActionMask = 2147483647;
			files = (
			);
			runOnlyForDeploymentPostprocessing = 0;
		};
/* End PBXFrameworksBuildPhase section */

/* Begin PBXGroup section */
		22115A8920D2BB2C002F5CB9 /* Model */ = {
			isa = PBXGroup;
			children = (
				22115A8520D2BB17002F5CB9 /* Cafe.swift */,
				28D9657C20D7BE9D00158318 /* MapAnnotation.swift */,
				22CFD6A420E645B9002646A8 /* BloggerReview.swift */,
				22F2D32E20ECC36F0097753B /* HopperReview.swift */,
			);
			path = Model;
			sourceTree = "<group>";
		};
		22115A8C20D2BB62002F5CB9 /* Controller */ = {
			isa = PBXGroup;
			children = (
				2260B63A20E9403500B1DFA8 /* SubmitReviewTableViewController.swift */,
				22E53E0D20E653C8005CD8CC /* LoginViewController.swift */,
				28CA2C0420D2A562002781FF /* InitialViewController.swift */,
				22115A8A20D2BB5A002F5CB9 /* SearchResultTableViewController.swift */,
				22D1BD8520E92D3E00A9EA7B /* HopperReviewTableViewController.swift */,
				284B011F20F0B71C00FEA89B /* BloggerReviewTableViewController.swift */,
				22115A8D20D2BEB8002F5CB9 /* CafeTableViewController.swift */,
			);
			path = Controller;
			sourceTree = "<group>";
		};
		285DCFF720D94BAF006C6FAB /* View */ = {
			isa = PBXGroup;
			children = (
				22E5AC7120D5306E002DF7C6 /* SearchResultTableViewCell.swift */,
				22D1BD8720E92EFC00A9EA7B /* HopperReviewTableViewCell.swift */,
				284B012120F0B88E00FEA89B /* BloggerReviewTableViewCell.swift */,
			);
			path = View;
			sourceTree = "<group>";
		};
		28CA2BF620D2A562002781FF = {
			isa = PBXGroup;
			children = (
				28CA2C0120D2A562002781FF /* Hop */,
				28CA2C0020D2A562002781FF /* Products */,
			);
			sourceTree = "<group>";
		};
		28CA2C0020D2A562002781FF /* Products */ = {
			isa = PBXGroup;
			children = (
				28CA2BFF20D2A562002781FF /* Hop.app */,
			);
			name = Products;
			sourceTree = "<group>";
		};
		28CA2C0120D2A562002781FF /* Hop */ = {
			isa = PBXGroup;
			children = (
				89DF7EFB20D6C08E00BDEAF9 /* SwiftyJSON.swift */,
				28CA2C0220D2A562002781FF /* AppDelegate.swift */,
				22A5FBB720EBC07D0020E502 /* URLExtension.swift */,
				28CA2C0620D2A562002781FF /* Main.storyboard */,
				285DCFF720D94BAF006C6FAB /* View */,
				22115A8C20D2BB62002F5CB9 /* Controller */,
				22115A8920D2BB2C002F5CB9 /* Model */,
				28CA2C0920D2A563002781FF /* Assets.xcassets */,
				28CA2C0B20D2A563002781FF /* LaunchScreen.storyboard */,
				28CA2C0E20D2A563002781FF /* Info.plist */,
			);
			path = Hop;
			sourceTree = "<group>";
		};
/* End PBXGroup section */

/* Begin PBXNativeTarget section */
		28CA2BFE20D2A562002781FF /* Hop */ = {
			isa = PBXNativeTarget;
			buildConfigurationList = 28CA2C1120D2A563002781FF /* Build configuration list for PBXNativeTarget "Hop" */;
			buildPhases = (
				28CA2BFB20D2A562002781FF /* Sources */,
				28CA2BFC20D2A562002781FF /* Frameworks */,
				28CA2BFD20D2A562002781FF /* Resources */,
			);
			buildRules = (
			);
			dependencies = (
			);
			name = Hop;
			productName = Hop;
			productReference = 28CA2BFF20D2A562002781FF /* Hop.app */;
			productType = "com.apple.product-type.application";
		};
/* End PBXNativeTarget section */

/* Begin PBXProject section */
		28CA2BF720D2A562002781FF /* Project object */ = {
			isa = PBXProject;
			attributes = {
				LastSwiftUpdateCheck = 0940;
				LastUpgradeCheck = 0940;
				ORGANIZATIONNAME = NUS;
				TargetAttributes = {
					28CA2BFE20D2A562002781FF = {
						CreatedOnToolsVersion = 9.4.1;
					};
				};
			};
			buildConfigurationList = 28CA2BFA20D2A562002781FF /* Build configuration list for PBXProject "Hop" */;
			compatibilityVersion = "Xcode 9.3";
			developmentRegion = en;
			hasScannedForEncodings = 0;
			knownRegions = (
				en,
				Base,
			);
			mainGroup = 28CA2BF620D2A562002781FF;
			productRefGroup = 28CA2C0020D2A562002781FF /* Products */;
			projectDirPath = "";
			projectRoot = "";
			targets = (
				28CA2BFE20D2A562002781FF /* Hop */,
			);
		};
/* End PBXProject section */

/* Begin PBXResourcesBuildPhase section */
		28CA2BFD20D2A562002781FF /* Resources */ = {
			isa = PBXResourcesBuildPhase;
			buildActionMask = 2147483647;
			files = (
				28CA2C0D20D2A563002781FF /* LaunchScreen.storyboard in Resources */,
				28CA2C0A20D2A563002781FF /* Assets.xcassets in Resources */,
				28CA2C0820D2A562002781FF /* Main.storyboard in Resources */,
			);
			runOnlyForDeploymentPostprocessing = 0;
		};
/* End PBXResourcesBuildPhase section */

/* Begin PBXSourcesBuildPhase section */
		28CA2BFB20D2A562002781FF /* Sources */ = {
			isa = PBXSourcesBuildPhase;
			buildActionMask = 2147483647;
			files = (
				22E5AC7220D5306E002DF7C6 /* SearchResultTableViewCell.swift in Sources */,
				22A5FBB820EBC07D0020E502 /* URLExtension.swift in Sources */,
				28CA2C0520D2A562002781FF /* InitialViewController.swift in Sources */,
				28D9657D20D7BE9D00158318 /* MapAnnotation.swift in Sources */,
				28CA2C0320D2A562002781FF /* AppDelegate.swift in Sources */,
				284B012220F0B88E00FEA89B /* BloggerReviewTableViewCell.swift in Sources */,
				22D1BD8620E92D3E00A9EA7B /* HopperReviewTableViewController.swift in Sources */,
				89DF7EFC20D6C08E00BDEAF9 /* SwiftyJSON.swift in Sources */,
				22115A8E20D2BEB8002F5CB9 /* CafeTableViewController.swift in Sources */,
				22F2D32F20ECC36F0097753B /* HopperReview.swift in Sources */,
				22CFD6A520E645B9002646A8 /* BloggerReview.swift in Sources */,
				22115A8620D2BB17002F5CB9 /* Cafe.swift in Sources */,
				22D1BD8820E92EFC00A9EA7B /* HopperReviewTableViewCell.swift in Sources */,
				284B012020F0B71C00FEA89B /* BloggerReviewTableViewController.swift in Sources */,
				22E53E0E20E653C8005CD8CC /* LoginViewController.swift in Sources */,
				22115A8B20D2BB5A002F5CB9 /* SearchResultTableViewController.swift in Sources */,
				2260B63B20E9403500B1DFA8 /* SubmitReviewTableViewController.swift in Sources */,
			);
			runOnlyForDeploymentPostprocessing = 0;
		};
/* End PBXSourcesBuildPhase section */

/* Begin PBXVariantGroup section */
		28CA2C0620D2A562002781FF /* Main.storyboard */ = {
			isa = PBXVariantGroup;
			children = (
				28CA2C0720D2A562002781FF /* Base */,
			);
			name = Main.storyboard;
			sourceTree = "<group>";
		};
		28CA2C0B20D2A563002781FF /* LaunchScreen.storyboard */ = {
			isa = PBXVariantGroup;
			children = (
				28CA2C0C20D2A563002781FF /* Base */,
			);
			name = LaunchScreen.storyboard;
			sourceTree = "<group>";
		};
/* End PBXVariantGroup section */

/* Begin XCBuildConfiguration section */
		28CA2C0F20D2A563002781FF /* Debug */ = {
			isa = XCBuildConfiguration;
			buildSettings = {
				ALWAYS_SEARCH_USER_PATHS = NO;
				CLANG_ANALYZER_NONNULL = YES;
				CLANG_ANALYZER_NUMBER_OBJECT_CONVERSION = YES_AGGRESSIVE;
				CLANG_CXX_LANGUAGE_STANDARD = "gnu++14";
				CLANG_CXX_LIBRARY = "libc++";
				CLANG_ENABLE_MODULES = YES;
				CLANG_ENABLE_OBJC_ARC = YES;
				CLANG_ENABLE_OBJC_WEAK = YES;
				CLANG_WARN_BLOCK_CAPTURE_AUTORELEASING = YES;
				CLANG_WARN_BOOL_CONVERSION = YES;
				CLANG_WARN_COMMA = YES;
				CLANG_WARN_CONSTANT_CONVERSION = YES;
				CLANG_WARN_DEPRECATED_OBJC_IMPLEMENTATIONS = YES;
				CLANG_WARN_DIRECT_OBJC_ISA_USAGE = YES_ERROR;
				CLANG_WARN_DOCUMENTATION_COMMENTS = YES;
				CLANG_WARN_EMPTY_BODY = YES;
				CLANG_WARN_ENUM_CONVERSION = YES;
				CLANG_WARN_INFINITE_RECURSION = YES;
				CLANG_WARN_INT_CONVERSION = YES;
				CLANG_WARN_NON_LITERAL_NULL_CONVERSION = YES;
				CLANG_WARN_OBJC_IMPLICIT_RETAIN_SELF = YES;
				CLANG_WARN_OBJC_LITERAL_CONVERSION = YES;
				CLANG_WARN_OBJC_ROOT_CLASS = YES_ERROR;
				CLANG_WARN_RANGE_LOOP_ANALYSIS = YES;
				CLANG_WARN_STRICT_PROTOTYPES = YES;
				CLANG_WARN_SUSPICIOUS_MOVE = YES;
				CLANG_WARN_UNGUARDED_AVAILABILITY = YES_AGGRESSIVE;
				CLANG_WARN_UNREACHABLE_CODE = YES;
				CLANG_WARN__DUPLICATE_METHOD_MATCH = YES;
				CODE_SIGN_IDENTITY = "iPhone Developer";
				COPY_PHASE_STRIP = NO;
				DEBUG_INFORMATION_FORMAT = dwarf;
				ENABLE_STRICT_OBJC_MSGSEND = YES;
				ENABLE_TESTABILITY = YES;
				GCC_C_LANGUAGE_STANDARD = gnu11;
				GCC_DYNAMIC_NO_PIC = NO;
				GCC_NO_COMMON_BLOCKS = YES;
				GCC_OPTIMIZATION_LEVEL = 0;
				GCC_PREPROCESSOR_DEFINITIONS = (
					"DEBUG=1",
					"$(inherited)",
				);
				GCC_WARN_64_TO_32_BIT_CONVERSION = YES;
				GCC_WARN_ABOUT_RETURN_TYPE = YES_ERROR;
				GCC_WARN_UNDECLARED_SELECTOR = YES;
				GCC_WARN_UNINITIALIZED_AUTOS = YES_AGGRESSIVE;
				GCC_WARN_UNUSED_FUNCTION = YES;
				GCC_WARN_UNUSED_VARIABLE = YES;
				IPHONEOS_DEPLOYMENT_TARGET = 11.4;
				MTL_ENABLE_DEBUG_INFO = YES;
				ONLY_ACTIVE_ARCH = YES;
				SDKROOT = iphoneos;
				SWIFT_ACTIVE_COMPILATION_CONDITIONS = DEBUG;
				SWIFT_OPTIMIZATION_LEVEL = "-Onone";
			};
			name = Debug;
		};
		28CA2C1020D2A563002781FF /* Release */ = {
			isa = XCBuildConfiguration;
			buildSettings = {
				ALWAYS_SEARCH_USER_PATHS = NO;
				CLANG_ANALYZER_NONNULL = YES;
				CLANG_ANALYZER_NUMBER_OBJECT_CONVERSION = YES_AGGRESSIVE;
				CLANG_CXX_LANGUAGE_STANDARD = "gnu++14";
				CLANG_CXX_LIBRARY = "libc++";
				CLANG_ENABLE_MODULES = YES;
				CLANG_ENABLE_OBJC_ARC = YES;
				CLANG_ENABLE_OBJC_WEAK = YES;
				CLANG_WARN_BLOCK_CAPTURE_AUTORELEASING = YES;
				CLANG_WARN_BOOL_CONVERSION = YES;
				CLANG_WARN_COMMA = YES;
				CLANG_WARN_CONSTANT_CONVERSION = YES;
				CLANG_WARN_DEPRECATED_OBJC_IMPLEMENTATIONS = YES;
				CLANG_WARN_DIRECT_OBJC_ISA_USAGE = YES_ERROR;
				CLANG_WARN_DOCUMENTATION_COMMENTS = YES;
				CLANG_WARN_EMPTY_BODY = YES;
				CLANG_WARN_ENUM_CONVERSION = YES;
				CLANG_WARN_INFINITE_RECURSION = YES;
				CLANG_WARN_INT_CONVERSION = YES;
				CLANG_WARN_NON_LITERAL_NULL_CONVERSION = YES;
				CLANG_WARN_OBJC_IMPLICIT_RETAIN_SELF = YES;
				CLANG_WARN_OBJC_LITERAL_CONVERSION = YES;
				CLANG_WARN_OBJC_ROOT_CLASS = YES_ERROR;
				CLANG_WARN_RANGE_LOOP_ANALYSIS = YES;
				CLANG_WARN_STRICT_PROTOTYPES = YES;
				CLANG_WARN_SUSPICIOUS_MOVE = YES;
				CLANG_WARN_UNGUARDED_AVAILABILITY = YES_AGGRESSIVE;
				CLANG_WARN_UNREACHABLE_CODE = YES;
				CLANG_WARN__DUPLICATE_METHOD_MATCH = YES;
				CODE_SIGN_IDENTITY = "iPhone Developer";
				COPY_PHASE_STRIP = NO;
				DEBUG_INFORMATION_FORMAT = "dwarf-with-dsym";
				ENABLE_NS_ASSERTIONS = NO;
				ENABLE_STRICT_OBJC_MSGSEND = YES;
				GCC_C_LANGUAGE_STANDARD = gnu11;
				GCC_NO_COMMON_BLOCKS = YES;
				GCC_WARN_64_TO_32_BIT_CONVERSION = YES;
				GCC_WARN_ABOUT_RETURN_TYPE = YES_ERROR;
				GCC_WARN_UNDECLARED_SELECTOR = YES;
				GCC_WARN_UNINITIALIZED_AUTOS = YES_AGGRESSIVE;
				GCC_WARN_UNUSED_FUNCTION = YES;
				GCC_WARN_UNUSED_VARIABLE = YES;
				IPHONEOS_DEPLOYMENT_TARGET = 11.4;
				MTL_ENABLE_DEBUG_INFO = NO;
				SDKROOT = iphoneos;
				SWIFT_COMPILATION_MODE = wholemodule;
				SWIFT_OPTIMIZATION_LEVEL = "-O";
				VALIDATE_PRODUCT = YES;
			};
			name = Release;
		};
		28CA2C1220D2A563002781FF /* Debug */ = {
			isa = XCBuildConfiguration;
			buildSettings = {
				ASSETCATALOG_COMPILER_APPICON_NAME = AppIcon;
				CODE_SIGN_STYLE = Automatic;
				INFOPLIST_FILE = Hop/Info.plist;
				LD_RUNPATH_SEARCH_PATHS = (
					"$(inherited)",
					"@executable_path/Frameworks",
				);
				PRODUCT_BUNDLE_IDENTIFIER = com.nus.Hop;
				PRODUCT_NAME = "$(TARGET_NAME)";
				SWIFT_VERSION = 4.0;
				TARGETED_DEVICE_FAMILY = "1,2";
			};
			name = Debug;
		};
		28CA2C1320D2A563002781FF /* Release */ = {
			isa = XCBuildConfiguration;
			buildSettings = {
				ASSETCATALOG_COMPILER_APPICON_NAME = AppIcon;
				CODE_SIGN_STYLE = Automatic;
				INFOPLIST_FILE = Hop/Info.plist;
				LD_RUNPATH_SEARCH_PATHS = (
					"$(inherited)",
					"@executable_path/Frameworks",
				);
				PRODUCT_BUNDLE_IDENTIFIER = com.nus.Hop;
				PRODUCT_NAME = "$(TARGET_NAME)";
				SWIFT_VERSION = 4.0;
				TARGETED_DEVICE_FAMILY = "1,2";
			};
			name = Release;
		};
/* End XCBuildConfiguration section */

/* Begin XCConfigurationList section */
		28CA2BFA20D2A562002781FF /* Build configuration list for PBXProject "Hop" */ = {
			isa = XCConfigurationList;
			buildConfigurations = (
				28CA2C0F20D2A563002781FF /* Debug */,
				28CA2C1020D2A563002781FF /* Release */,
			);
			defaultConfigurationIsVisible = 0;
			defaultConfigurationName = Release;
		};
		28CA2C1120D2A563002781FF /* Build configuration list for PBXNativeTarget "Hop" */ = {
			isa = XCConfigurationList;
			buildConfigurations = (
				28CA2C1220D2A563002781FF /* Debug */,
				28CA2C1320D2A563002781FF /* Release */,
			);
			defaultConfigurationIsVisible = 0;
			defaultConfigurationName = Release;
		};
/* End XCConfigurationList section */
	};
	rootObject = 28CA2BF720D2A562002781FF /* Project object */;
}
